
Microsoft Visual Studio Solution File, Format Version 12.00
# Visual Studio 2013
VisualStudioVersion = 12.0.30110.0
MinimumVisualStudioVersion = 10.0.40219.1
Project("{8BC9CEB8-8B4A-11D0-8D11-00A0C91BC942}") = "RealtimeGraphicsDesign", "RealtimeGraphicsDesign\RealtimeGraphicsDesign.vcxproj", "{810833C0-61C4-4DA8-8A35-C294B03E7349}"
EndProject
Global
	GlobalSection(SolutionConfigurationPlatforms) = preSolution
		Debug|Win32 = Debug|Win32
		Release|Win32 = Release|Win32
	EndGlobalSection
	GlobalSection(ProjectConfigurationPlatforms) = postSolution
		{810833C0-61C4-4DA8-8A35-C294B03E7349}.Debug|Win32.ActiveCfg = Debug|Win32
		{810833C0-61C4-4DA8-8A35-C294B03E7349}.Debug|Win32.Build.0 = Debug|Win32
		{810833C0-61C4-4DA8-8A35-C294B03E7349}.Release|Win32.ActiveCfg = Release|Win32
		{810833C0-61C4-4DA8-8A35-C294B03E7349}.Release|Win32.Build.0 = Release|Win32
	EndGlobalSection
	GlobalSection(SolutionProperties) = preSolution
		HideSolutionNode = FALSE
	EndGlobalSection
EndGlobal
